// !$*UTF8*$!
{
	archiveVersion = 1;
	classes = {
	};
	objectVersion = 52;
	objects = {

/* Begin PBXBuildFile section */
		7A0BF73526E9F88300D6FCDC /* GameRow.swift in Sources */ = {isa = PBXBuildFile; fileRef = 7A0BF71A26E9F88300D6FCDC /* GameRow.swift */; };
		7A0BF73626E9F88300D6FCDC /* HomeView.swift in Sources */ = {isa = PBXBuildFile; fileRef = 7A0BF71B26E9F88300D6FCDC /* HomeView.swift */; };
		7A0BF73726E9F88300D6FCDC /* HomeRouter.swift in Sources */ = {isa = PBXBuildFile; fileRef = 7A0BF71D26E9F88300D6FCDC /* HomeRouter.swift */; };
		7A0BF73826E9F88300D6FCDC /* FavoriteView.swift in Sources */ = {isa = PBXBuildFile; fileRef = 7A0BF71F26E9F88300D6FCDC /* FavoriteView.swift */; };
		7A0BF73926E9F88300D6FCDC /* FavoriteRow.swift in Sources */ = {isa = PBXBuildFile; fileRef = 7A0BF72026E9F88300D6FCDC /* FavoriteRow.swift */; };
		7A0BF73A26E9F88300D6FCDC /* AboutView.swift in Sources */ = {isa = PBXBuildFile; fileRef = 7A0BF72226E9F88300D6FCDC /* AboutView.swift */; };
		7A0BF73B26E9F88300D6FCDC /* DetailView.swift in Sources */ = {isa = PBXBuildFile; fileRef = 7A0BF72526E9F88300D6FCDC /* DetailView.swift */; };
		7A0BF73C26E9F88300D6FCDC /* Injection.swift in Sources */ = {isa = PBXBuildFile; fileRef = 7A0BF72826E9F88300D6FCDC /* Injection.swift */; };
		7A0BF73D26E9F88300D6FCDC /* APIService.swift in Sources */ = {isa = PBXBuildFile; fileRef = 7A0BF72B26E9F88300D6FCDC /* APIService.swift */; };
		7A0BF73E26E9F88300D6FCDC /* CustomEmptyView.swift in Sources */ = {isa = PBXBuildFile; fileRef = 7A0BF72D26E9F88300D6FCDC /* CustomEmptyView.swift */; };
		7A0BF73F26E9F88300D6FCDC /* ActivityIndicator.swift in Sources */ = {isa = PBXBuildFile; fileRef = 7A0BF72E26E9F88300D6FCDC /* ActivityIndicator.swift */; };
		7A0BF74026E9F88300D6FCDC /* Modifier.swift in Sources */ = {isa = PBXBuildFile; fileRef = 7A0BF72F26E9F88300D6FCDC /* Modifier.swift */; };
		7A0BF74126E9F88300D6FCDC /* ColorManager.swift in Sources */ = {isa = PBXBuildFile; fileRef = 7A0BF73026E9F88300D6FCDC /* ColorManager.swift */; };
		7A0BF74226E9F88300D6FCDC /* GameCenterApp.swift in Sources */ = {isa = PBXBuildFile; fileRef = 7A0BF73226E9F88300D6FCDC /* GameCenterApp.swift */; };
		7A0BF74326E9F88300D6FCDC /* ContentView.swift in Sources */ = {isa = PBXBuildFile; fileRef = 7A0BF73326E9F88300D6FCDC /* ContentView.swift */; };
		7A0BF74626E9FE1600D6FCDC /* SDWebImageSwiftUI in Frameworks */ = {isa = PBXBuildFile; productRef = 7A0BF74526E9FE1600D6FCDC /* SDWebImageSwiftUI */; };
		7A0BF74826E9FFB500D6FCDC /* GameCenter.plist in Resources */ = {isa = PBXBuildFile; fileRef = 7A0BF74726E9FFB400D6FCDC /* GameCenter.plist */; };
		7A76770E26E9C95A009EAC44 /* Assets.xcassets in Resources */ = {isa = PBXBuildFile; fileRef = 7A76770D26E9C95A009EAC44 /* Assets.xcassets */; };
		7A76771126E9C95A009EAC44 /* Preview Assets.xcassets in Resources */ = {isa = PBXBuildFile; fileRef = 7A76771026E9C95A009EAC44 /* Preview Assets.xcassets */; };
		7A76771C26E9C95A009EAC44 /* GameCenterTests.swift in Sources */ = {isa = PBXBuildFile; fileRef = 7A76771B26E9C95A009EAC44 /* GameCenterTests.swift */; };
		7A76772726E9C95A009EAC44 /* GameCenterUITests.swift in Sources */ = {isa = PBXBuildFile; fileRef = 7A76772626E9C95A009EAC44 /* GameCenterUITests.swift */; };
		7A7677CE26E9F26B009EAC44 /* GameModule in Frameworks */ = {isa = PBXBuildFile; productRef = 7A7677CD26E9F26B009EAC44 /* GameModule */; };
		7A7677D126E9F2FA009EAC44 /* SwiftUIX in Frameworks */ = {isa = PBXBuildFile; productRef = 7A7677D026E9F2FA009EAC44 /* SwiftUIX */; };
/* End PBXBuildFile section */

/* Begin PBXContainerItemProxy section */
		7A76771826E9C95A009EAC44 /* PBXContainerItemProxy */ = {
			isa = PBXContainerItemProxy;
			containerPortal = 7A7676FE26E9C958009EAC44 /* Project object */;
			proxyType = 1;
			remoteGlobalIDString = 7A76770526E9C958009EAC44;
			remoteInfo = GameCenter;
		};
		7A76772326E9C95A009EAC44 /* PBXContainerItemProxy */ = {
			isa = PBXContainerItemProxy;
			containerPortal = 7A7676FE26E9C958009EAC44 /* Project object */;
			proxyType = 1;
			remoteGlobalIDString = 7A76770526E9C958009EAC44;
			remoteInfo = GameCenter;
		};
/* End PBXContainerItemProxy section */

/* Begin PBXFileReference section */
		7A0BF71A26E9F88300D6FCDC /* GameRow.swift */ = {isa = PBXFileReference; fileEncoding = 4; lastKnownFileType = sourcecode.swift; path = GameRow.swift; sourceTree = "<group>"; };
		7A0BF71B26E9F88300D6FCDC /* HomeView.swift */ = {isa = PBXFileReference; fileEncoding = 4; lastKnownFileType = sourcecode.swift; path = HomeView.swift; sourceTree = "<group>"; };
		7A0BF71D26E9F88300D6FCDC /* HomeRouter.swift */ = {isa = PBXFileReference; fileEncoding = 4; lastKnownFileType = sourcecode.swift; path = HomeRouter.swift; sourceTree = "<group>"; };
		7A0BF71F26E9F88300D6FCDC /* FavoriteView.swift */ = {isa = PBXFileReference; fileEncoding = 4; lastKnownFileType = sourcecode.swift; path = FavoriteView.swift; sourceTree = "<group>"; };
		7A0BF72026E9F88300D6FCDC /* FavoriteRow.swift */ = {isa = PBXFileReference; fileEncoding = 4; lastKnownFileType = sourcecode.swift; path = FavoriteRow.swift; sourceTree = "<group>"; };
		7A0BF72226E9F88300D6FCDC /* AboutView.swift */ = {isa = PBXFileReference; fileEncoding = 4; lastKnownFileType = sourcecode.swift; path = AboutView.swift; sourceTree = "<group>"; };
		7A0BF72526E9F88300D6FCDC /* DetailView.swift */ = {isa = PBXFileReference; fileEncoding = 4; lastKnownFileType = sourcecode.swift; path = DetailView.swift; sourceTree = "<group>"; };
		7A0BF72826E9F88300D6FCDC /* Injection.swift */ = {isa = PBXFileReference; fileEncoding = 4; lastKnownFileType = sourcecode.swift; path = Injection.swift; sourceTree = "<group>"; };
		7A0BF72B26E9F88300D6FCDC /* APIService.swift */ = {isa = PBXFileReference; fileEncoding = 4; lastKnownFileType = sourcecode.swift; path = APIService.swift; sourceTree = "<group>"; };
		7A0BF72D26E9F88300D6FCDC /* CustomEmptyView.swift */ = {isa = PBXFileReference; fileEncoding = 4; lastKnownFileType = sourcecode.swift; path = CustomEmptyView.swift; sourceTree = "<group>"; };
		7A0BF72E26E9F88300D6FCDC /* ActivityIndicator.swift */ = {isa = PBXFileReference; fileEncoding = 4; lastKnownFileType = sourcecode.swift; path = ActivityIndicator.swift; sourceTree = "<group>"; };
		7A0BF72F26E9F88300D6FCDC /* Modifier.swift */ = {isa = PBXFileReference; fileEncoding = 4; lastKnownFileType = sourcecode.swift; path = Modifier.swift; sourceTree = "<group>"; };
		7A0BF73026E9F88300D6FCDC /* ColorManager.swift */ = {isa = PBXFileReference; fileEncoding = 4; lastKnownFileType = sourcecode.swift; path = ColorManager.swift; sourceTree = "<group>"; };
		7A0BF73226E9F88300D6FCDC /* GameCenterApp.swift */ = {isa = PBXFileReference; fileEncoding = 4; lastKnownFileType = sourcecode.swift; path = GameCenterApp.swift; sourceTree = "<group>"; };
		7A0BF73326E9F88300D6FCDC /* ContentView.swift */ = {isa = PBXFileReference; fileEncoding = 4; lastKnownFileType = sourcecode.swift; path = ContentView.swift; sourceTree = "<group>"; };
		7A0BF74726E9FFB400D6FCDC /* GameCenter.plist */ = {isa = PBXFileReference; fileEncoding = 4; lastKnownFileType = text.plist.xml; path = GameCenter.plist; sourceTree = "<group>"; };
		7A76770626E9C958009EAC44 /* GameCenter.app */ = {isa = PBXFileReference; explicitFileType = wrapper.application; includeInIndex = 0; path = GameCenter.app; sourceTree = BUILT_PRODUCTS_DIR; };
		7A76770D26E9C95A009EAC44 /* Assets.xcassets */ = {isa = PBXFileReference; lastKnownFileType = folder.assetcatalog; path = Assets.xcassets; sourceTree = "<group>"; };
		7A76771026E9C95A009EAC44 /* Preview Assets.xcassets */ = {isa = PBXFileReference; lastKnownFileType = folder.assetcatalog; path = "Preview Assets.xcassets"; sourceTree = "<group>"; };
		7A76771226E9C95A009EAC44 /* Info.plist */ = {isa = PBXFileReference; lastKnownFileType = text.plist.xml; path = Info.plist; sourceTree = "<group>"; };
		7A76771726E9C95A009EAC44 /* GameCenterTests.xctest */ = {isa = PBXFileReference; explicitFileType = wrapper.cfbundle; includeInIndex = 0; path = GameCenterTests.xctest; sourceTree = BUILT_PRODUCTS_DIR; };
		7A76771B26E9C95A009EAC44 /* GameCenterTests.swift */ = {isa = PBXFileReference; lastKnownFileType = sourcecode.swift; path = GameCenterTests.swift; sourceTree = "<group>"; };
		7A76771D26E9C95A009EAC44 /* Info.plist */ = {isa = PBXFileReference; lastKnownFileType = text.plist.xml; path = Info.plist; sourceTree = "<group>"; };
		7A76772226E9C95A009EAC44 /* GameCenterUITests.xctest */ = {isa = PBXFileReference; explicitFileType = wrapper.cfbundle; includeInIndex = 0; path = GameCenterUITests.xctest; sourceTree = BUILT_PRODUCTS_DIR; };
		7A76772626E9C95A009EAC44 /* GameCenterUITests.swift */ = {isa = PBXFileReference; lastKnownFileType = sourcecode.swift; path = GameCenterUITests.swift; sourceTree = "<group>"; };
		7A76772826E9C95A009EAC44 /* Info.plist */ = {isa = PBXFileReference; lastKnownFileType = text.plist.xml; path = Info.plist; sourceTree = "<group>"; };
/* End PBXFileReference section */

/* Begin PBXFrameworksBuildPhase section */
		7A76770326E9C958009EAC44 /* Frameworks */ = {
			isa = PBXFrameworksBuildPhase;
			buildActionMask = 2147483647;
			files = (
				7A0BF74626E9FE1600D6FCDC /* SDWebImageSwiftUI in Frameworks */,
				7A7677CE26E9F26B009EAC44 /* GameModule in Frameworks */,
				7A7677D126E9F2FA009EAC44 /* SwiftUIX in Frameworks */,
			);
			runOnlyForDeploymentPostprocessing = 0;
		};
		7A76771426E9C95A009EAC44 /* Frameworks */ = {
			isa = PBXFrameworksBuildPhase;
			buildActionMask = 2147483647;
			files = (
			);
			runOnlyForDeploymentPostprocessing = 0;
		};
		7A76771F26E9C95A009EAC44 /* Frameworks */ = {
			isa = PBXFrameworksBuildPhase;
			buildActionMask = 2147483647;
			files = (
			);
			runOnlyForDeploymentPostprocessing = 0;
		};
/* End PBXFrameworksBuildPhase section */

/* Begin PBXGroup section */
		7A0BF71626E9F88300D6FCDC /* Module */ = {
			isa = PBXGroup;
			children = (
				7A0BF71726E9F88300D6FCDC /* Home */,
				7A0BF71E26E9F88300D6FCDC /* Favorite */,
				7A0BF72126E9F88300D6FCDC /* About */,
				7A0BF72326E9F88300D6FCDC /* Detail */,
			);
			path = Module;
			sourceTree = "<group>";
		};
		7A0BF71726E9F88300D6FCDC /* Home */ = {
			isa = PBXGroup;
			children = (
				7A0BF71926E9F88300D6FCDC /* View */,
				7A0BF71C26E9F88300D6FCDC /* Router */,
			);
			path = Home;
			sourceTree = "<group>";
		};
		7A0BF71926E9F88300D6FCDC /* View */ = {
			isa = PBXGroup;
			children = (
				7A0BF71A26E9F88300D6FCDC /* GameRow.swift */,
				7A0BF71B26E9F88300D6FCDC /* HomeView.swift */,
			);
			path = View;
			sourceTree = "<group>";
		};
		7A0BF71C26E9F88300D6FCDC /* Router */ = {
			isa = PBXGroup;
			children = (
				7A0BF71D26E9F88300D6FCDC /* HomeRouter.swift */,
			);
			path = Router;
			sourceTree = "<group>";
		};
		7A0BF71E26E9F88300D6FCDC /* Favorite */ = {
			isa = PBXGroup;
			children = (
				7A0BF71F26E9F88300D6FCDC /* FavoriteView.swift */,
				7A0BF72026E9F88300D6FCDC /* FavoriteRow.swift */,
			);
			path = Favorite;
			sourceTree = "<group>";
		};
		7A0BF72126E9F88300D6FCDC /* About */ = {
			isa = PBXGroup;
			children = (
				7A0BF72226E9F88300D6FCDC /* AboutView.swift */,
			);
			path = About;
			sourceTree = "<group>";
		};
		7A0BF72326E9F88300D6FCDC /* Detail */ = {
			isa = PBXGroup;
			children = (
				7A0BF72426E9F88300D6FCDC /* View */,
			);
			path = Detail;
			sourceTree = "<group>";
		};
		7A0BF72426E9F88300D6FCDC /* View */ = {
			isa = PBXGroup;
			children = (
				7A0BF72526E9F88300D6FCDC /* DetailView.swift */,
			);
			path = View;
			sourceTree = "<group>";
		};
		7A0BF72626E9F88300D6FCDC /* Core */ = {
			isa = PBXGroup;
			children = (
				7A0BF72726E9F88300D6FCDC /* DI */,
				7A0BF72926E9F88300D6FCDC /* Utils */,
			);
			path = Core;
			sourceTree = "<group>";
		};
		7A0BF72726E9F88300D6FCDC /* DI */ = {
			isa = PBXGroup;
			children = (
				7A0BF72826E9F88300D6FCDC /* Injection.swift */,
			);
			path = DI;
			sourceTree = "<group>";
		};
		7A0BF72926E9F88300D6FCDC /* Utils */ = {
			isa = PBXGroup;
			children = (
				7A0BF72A26E9F88300D6FCDC /* Network */,
				7A0BF72C26E9F88300D6FCDC /* View */,
			);
			path = Utils;
			sourceTree = "<group>";
		};
		7A0BF72A26E9F88300D6FCDC /* Network */ = {
			isa = PBXGroup;
			children = (
				7A0BF72B26E9F88300D6FCDC /* APIService.swift */,
			);
			path = Network;
			sourceTree = "<group>";
		};
		7A0BF72C26E9F88300D6FCDC /* View */ = {
			isa = PBXGroup;
			children = (
				7A0BF72D26E9F88300D6FCDC /* CustomEmptyView.swift */,
				7A0BF72E26E9F88300D6FCDC /* ActivityIndicator.swift */,
				7A0BF72F26E9F88300D6FCDC /* Modifier.swift */,
				7A0BF73026E9F88300D6FCDC /* ColorManager.swift */,
			);
			path = View;
			sourceTree = "<group>";
		};
		7A0BF73126E9F88300D6FCDC /* App */ = {
			isa = PBXGroup;
			children = (
				7A0BF73226E9F88300D6FCDC /* GameCenterApp.swift */,
				7A0BF73326E9F88300D6FCDC /* ContentView.swift */,
			);
			path = App;
			sourceTree = "<group>";
		};
		7A7676FD26E9C958009EAC44 = {
			isa = PBXGroup;
			children = (
				7A76770826E9C958009EAC44 /* GameCenter */,
				7A76771A26E9C95A009EAC44 /* GameCenterTests */,
				7A76772526E9C95A009EAC44 /* GameCenterUITests */,
				7A76770726E9C958009EAC44 /* Products */,
			);
			sourceTree = "<group>";
		};
		7A76770726E9C958009EAC44 /* Products */ = {
			isa = PBXGroup;
			children = (
				7A76770626E9C958009EAC44 /* GameCenter.app */,
				7A76771726E9C95A009EAC44 /* GameCenterTests.xctest */,
				7A76772226E9C95A009EAC44 /* GameCenterUITests.xctest */,
			);
			name = Products;
			sourceTree = "<group>";
		};
		7A76770826E9C958009EAC44 /* GameCenter */ = {
			isa = PBXGroup;
			children = (
				7A0BF73126E9F88300D6FCDC /* App */,
				7A0BF72626E9F88300D6FCDC /* Core */,
				7A0BF71626E9F88300D6FCDC /* Module */,
				7A76770D26E9C95A009EAC44 /* Assets.xcassets */,
				7A76771226E9C95A009EAC44 /* Info.plist */,
				7A0BF74726E9FFB400D6FCDC /* GameCenter.plist */,
				7A76770F26E9C95A009EAC44 /* Preview Content */,
			);
			path = GameCenter;
			sourceTree = "<group>";
		};
		7A76770F26E9C95A009EAC44 /* Preview Content */ = {
			isa = PBXGroup;
			children = (
				7A76771026E9C95A009EAC44 /* Preview Assets.xcassets */,
			);
			path = "Preview Content";
			sourceTree = "<group>";
		};
		7A76771A26E9C95A009EAC44 /* GameCenterTests */ = {
			isa = PBXGroup;
			children = (
				7A76771B26E9C95A009EAC44 /* GameCenterTests.swift */,
				7A76771D26E9C95A009EAC44 /* Info.plist */,
			);
			path = GameCenterTests;
			sourceTree = "<group>";
		};
		7A76772526E9C95A009EAC44 /* GameCenterUITests */ = {
			isa = PBXGroup;
			children = (
				7A76772626E9C95A009EAC44 /* GameCenterUITests.swift */,
				7A76772826E9C95A009EAC44 /* Info.plist */,
			);
			path = GameCenterUITests;
			sourceTree = "<group>";
		};
/* End PBXGroup section */

/* Begin PBXNativeTarget section */
		7A76770526E9C958009EAC44 /* GameCenter */ = {
			isa = PBXNativeTarget;
			buildConfigurationList = 7A76772B26E9C95A009EAC44 /* Build configuration list for PBXNativeTarget "GameCenter" */;
			buildPhases = (
				7A76770226E9C958009EAC44 /* Sources */,
				7A76770326E9C958009EAC44 /* Frameworks */,
				7A76770426E9C958009EAC44 /* Resources */,
				7A0BF74926EA070C00D6FCDC /* Run SwiftLInt */,
			);
			buildRules = (
			);
			dependencies = (
			);
			name = GameCenter;
			packageProductDependencies = (
				7A7677CD26E9F26B009EAC44 /* GameModule */,
				7A7677D026E9F2FA009EAC44 /* SwiftUIX */,
				7A0BF74526E9FE1600D6FCDC /* SDWebImageSwiftUI */,
			);
			productName = GameCenter;
			productReference = 7A76770626E9C958009EAC44 /* GameCenter.app */;
			productType = "com.apple.product-type.application";
		};
		7A76771626E9C95A009EAC44 /* GameCenterTests */ = {
			isa = PBXNativeTarget;
			buildConfigurationList = 7A76772E26E9C95A009EAC44 /* Build configuration list for PBXNativeTarget "GameCenterTests" */;
			buildPhases = (
				7A76771326E9C95A009EAC44 /* Sources */,
				7A76771426E9C95A009EAC44 /* Frameworks */,
				7A76771526E9C95A009EAC44 /* Resources */,
			);
			buildRules = (
			);
			dependencies = (
				7A76771926E9C95A009EAC44 /* PBXTargetDependency */,
			);
			name = GameCenterTests;
			productName = GameCenterTests;
			productReference = 7A76771726E9C95A009EAC44 /* GameCenterTests.xctest */;
			productType = "com.apple.product-type.bundle.unit-test";
		};
		7A76772126E9C95A009EAC44 /* GameCenterUITests */ = {
			isa = PBXNativeTarget;
			buildConfigurationList = 7A76773126E9C95A009EAC44 /* Build configuration list for PBXNativeTarget "GameCenterUITests" */;
			buildPhases = (
				7A76771E26E9C95A009EAC44 /* Sources */,
				7A76771F26E9C95A009EAC44 /* Frameworks */,
				7A76772026E9C95A009EAC44 /* Resources */,
			);
			buildRules = (
			);
			dependencies = (
				7A76772426E9C95A009EAC44 /* PBXTargetDependency */,
			);
			name = GameCenterUITests;
			productName = GameCenterUITests;
			productReference = 7A76772226E9C95A009EAC44 /* GameCenterUITests.xctest */;
			productType = "com.apple.product-type.bundle.ui-testing";
		};
/* End PBXNativeTarget section */

/* Begin PBXProject section */
		7A7676FE26E9C958009EAC44 /* Project object */ = {
			isa = PBXProject;
			attributes = {
				LastSwiftUpdateCheck = 1250;
				LastUpgradeCheck = 1250;
				TargetAttributes = {
					7A76770526E9C958009EAC44 = {
						CreatedOnToolsVersion = 12.5.1;
					};
					7A76771626E9C95A009EAC44 = {
						CreatedOnToolsVersion = 12.5.1;
						TestTargetID = 7A76770526E9C958009EAC44;
					};
					7A76772126E9C95A009EAC44 = {
						CreatedOnToolsVersion = 12.5.1;
						TestTargetID = 7A76770526E9C958009EAC44;
					};
				};
			};
			buildConfigurationList = 7A76770126E9C958009EAC44 /* Build configuration list for PBXProject "GameCenter" */;
			compatibilityVersion = "Xcode 9.3";
			developmentRegion = en;
			hasScannedForEncodings = 0;
			knownRegions = (
				en,
				Base,
			);
			mainGroup = 7A7676FD26E9C958009EAC44;
			packageReferences = (
				7A7677CC26E9F26A009EAC44 /* XCRemoteSwiftPackageReference "GameModule" */,
				7A7677CF26E9F2F9009EAC44 /* XCRemoteSwiftPackageReference "SwiftUIX" */,
				7A0BF74426E9FE1500D6FCDC /* XCRemoteSwiftPackageReference "SDWebImageSwiftUI" */,
			);
			productRefGroup = 7A76770726E9C958009EAC44 /* Products */;
			projectDirPath = "";
			projectRoot = "";
			targets = (
				7A76770526E9C958009EAC44 /* GameCenter */,
				7A76771626E9C95A009EAC44 /* GameCenterTests */,
				7A76772126E9C95A009EAC44 /* GameCenterUITests */,
			);
		};
/* End PBXProject section */

/* Begin PBXResourcesBuildPhase section */
		7A76770426E9C958009EAC44 /* Resources */ = {
			isa = PBXResourcesBuildPhase;
			buildActionMask = 2147483647;
			files = (
				7A76771126E9C95A009EAC44 /* Preview Assets.xcassets in Resources */,
				7A0BF74826E9FFB500D6FCDC /* GameCenter.plist in Resources */,
				7A76770E26E9C95A009EAC44 /* Assets.xcassets in Resources */,
			);
			runOnlyForDeploymentPostprocessing = 0;
		};
		7A76771526E9C95A009EAC44 /* Resources */ = {
			isa = PBXResourcesBuildPhase;
			buildActionMask = 2147483647;
			files = (
			);
			runOnlyForDeploymentPostprocessing = 0;
		};
		7A76772026E9C95A009EAC44 /* Resources */ = {
			isa = PBXResourcesBuildPhase;
			buildActionMask = 2147483647;
			files = (
			);
			runOnlyForDeploymentPostprocessing = 0;
		};
/* End PBXResourcesBuildPhase section */

/* Begin PBXShellScriptBuildPhase section */
		7A0BF74926EA070C00D6FCDC /* Run SwiftLInt */ = {
			isa = PBXShellScriptBuildPhase;
			buildActionMask = 2147483647;
			files = (
			);
			inputFileListPaths = (
			);
			inputPaths = (
			);
			name = "Run SwiftLInt";
			outputFileListPaths = (
			);
			outputPaths = (
			);
			runOnlyForDeploymentPostprocessing = 0;
			shellPath = /bin/sh;
			shellScript = "if which swiftlint >/dev/null; then\n  swiftlint\nelse\n  echo \"warning: SwiftLint not installed, download from https://github.com/realm/SwiftLint\"\nfi\n";
		};
/* End PBXShellScriptBuildPhase section */

/* Begin PBXSourcesBuildPhase section */
		7A76770226E9C958009EAC44 /* Sources */ = {
			isa = PBXSourcesBuildPhase;
			buildActionMask = 2147483647;
			files = (
				7A0BF73E26E9F88300D6FCDC /* CustomEmptyView.swift in Sources */,
				7A0BF74226E9F88300D6FCDC /* GameCenterApp.swift in Sources */,
				7A0BF73726E9F88300D6FCDC /* HomeRouter.swift in Sources */,
				7A0BF73C26E9F88300D6FCDC /* Injection.swift in Sources */,
				7A0BF73F26E9F88300D6FCDC /* ActivityIndicator.swift in Sources */,
				7A0BF73826E9F88300D6FCDC /* FavoriteView.swift in Sources */,
				7A0BF73B26E9F88300D6FCDC /* DetailView.swift in Sources */,
				7A0BF74126E9F88300D6FCDC /* ColorManager.swift in Sources */,
				7A0BF73A26E9F88300D6FCDC /* AboutView.swift in Sources */,
				7A0BF73926E9F88300D6FCDC /* FavoriteRow.swift in Sources */,
				7A0BF73526E9F88300D6FCDC /* GameRow.swift in Sources */,
				7A0BF73626E9F88300D6FCDC /* HomeView.swift in Sources */,
				7A0BF74326E9F88300D6FCDC /* ContentView.swift in Sources */,
				7A0BF73D26E9F88300D6FCDC /* APIService.swift in Sources */,
				7A0BF74026E9F88300D6FCDC /* Modifier.swift in Sources */,
			);
			runOnlyForDeploymentPostprocessing = 0;
		};
		7A76771326E9C95A009EAC44 /* Sources */ = {
			isa = PBXSourcesBuildPhase;
			buildActionMask = 2147483647;
			files = (
				7A76771C26E9C95A009EAC44 /* GameCenterTests.swift in Sources */,
			);
			runOnlyForDeploymentPostprocessing = 0;
		};
		7A76771E26E9C95A009EAC44 /* Sources */ = {
			isa = PBXSourcesBuildPhase;
			buildActionMask = 2147483647;
			files = (
				7A76772726E9C95A009EAC44 /* GameCenterUITests.swift in Sources */,
			);
			runOnlyForDeploymentPostprocessing = 0;
		};
/* End PBXSourcesBuildPhase section */

/* Begin PBXTargetDependency section */
		7A76771926E9C95A009EAC44 /* PBXTargetDependency */ = {
			isa = PBXTargetDependency;
			target = 7A76770526E9C958009EAC44 /* GameCenter */;
			targetProxy = 7A76771826E9C95A009EAC44 /* PBXContainerItemProxy */;
		};
		7A76772426E9C95A009EAC44 /* PBXTargetDependency */ = {
			isa = PBXTargetDependency;
			target = 7A76770526E9C958009EAC44 /* GameCenter */;
			targetProxy = 7A76772326E9C95A009EAC44 /* PBXContainerItemProxy */;
		};
/* End PBXTargetDependency section */

/* Begin XCBuildConfiguration section */
		7A76772926E9C95A009EAC44 /* Debug */ = {
			isa = XCBuildConfiguration;
			buildSettings = {
				ALWAYS_SEARCH_USER_PATHS = NO;
				CLANG_ANALYZER_NONNULL = YES;
				CLANG_ANALYZER_NUMBER_OBJECT_CONVERSION = YES_AGGRESSIVE;
				CLANG_CXX_LANGUAGE_STANDARD = "gnu++14";
				CLANG_CXX_LIBRARY = "libc++";
				CLANG_ENABLE_MODULES = YES;
				CLANG_ENABLE_OBJC_ARC = YES;
				CLANG_ENABLE_OBJC_WEAK = YES;
				CLANG_WARN_BLOCK_CAPTURE_AUTORELEASING = YES;
				CLANG_WARN_BOOL_CONVERSION = YES;
				CLANG_WARN_COMMA = YES;
				CLANG_WARN_CONSTANT_CONVERSION = YES;
				CLANG_WARN_DEPRECATED_OBJC_IMPLEMENTATIONS = YES;
				CLANG_WARN_DIRECT_OBJC_ISA_USAGE = YES_ERROR;
				CLANG_WARN_DOCUMENTATION_COMMENTS = YES;
				CLANG_WARN_EMPTY_BODY = YES;
				CLANG_WARN_ENUM_CONVERSION = YES;
				CLANG_WARN_INFINITE_RECURSION = YES;
				CLANG_WARN_INT_CONVERSION = YES;
				CLANG_WARN_NON_LITERAL_NULL_CONVERSION = YES;
				CLANG_WARN_OBJC_IMPLICIT_RETAIN_SELF = YES;
				CLANG_WARN_OBJC_LITERAL_CONVERSION = YES;
				CLANG_WARN_OBJC_ROOT_CLASS = YES_ERROR;
				CLANG_WARN_QUOTED_INCLUDE_IN_FRAMEWORK_HEADER = YES;
				CLANG_WARN_RANGE_LOOP_ANALYSIS = YES;
				CLANG_WARN_STRICT_PROTOTYPES = YES;
				CLANG_WARN_SUSPICIOUS_MOVE = YES;
				CLANG_WARN_UNGUARDED_AVAILABILITY = YES_AGGRESSIVE;
				CLANG_WARN_UNREACHABLE_CODE = YES;
				CLANG_WARN__DUPLICATE_METHOD_MATCH = YES;
				COPY_PHASE_STRIP = NO;
				DEBUG_INFORMATION_FORMAT = dwarf;
				ENABLE_STRICT_OBJC_MSGSEND = YES;
				ENABLE_TESTABILITY = YES;
				GCC_C_LANGUAGE_STANDARD = gnu11;
				GCC_DYNAMIC_NO_PIC = NO;
				GCC_NO_COMMON_BLOCKS = YES;
				GCC_OPTIMIZATION_LEVEL = 0;
				GCC_PREPROCESSOR_DEFINITIONS = (
					"DEBUG=1",
					"$(inherited)",
				);
				GCC_WARN_64_TO_32_BIT_CONVERSION = YES;
				GCC_WARN_ABOUT_RETURN_TYPE = YES_ERROR;
				GCC_WARN_UNDECLARED_SELECTOR = YES;
				GCC_WARN_UNINITIALIZED_AUTOS = YES_AGGRESSIVE;
				GCC_WARN_UNUSED_FUNCTION = YES;
				GCC_WARN_UNUSED_VARIABLE = YES;
				IPHONEOS_DEPLOYMENT_TARGET = 14.5;
				MTL_ENABLE_DEBUG_INFO = INCLUDE_SOURCE;
				MTL_FAST_MATH = YES;
				ONLY_ACTIVE_ARCH = YES;
				SDKROOT = iphoneos;
				SWIFT_ACTIVE_COMPILATION_CONDITIONS = DEBUG;
				SWIFT_OPTIMIZATION_LEVEL = "-Onone";
			};
			name = Debug;
		};
		7A76772A26E9C95A009EAC44 /* Release */ = {
			isa = XCBuildConfiguration;
			buildSettings = {
				ALWAYS_SEARCH_USER_PATHS = NO;
				CLANG_ANALYZER_NONNULL = YES;
				CLANG_ANALYZER_NUMBER_OBJECT_CONVERSION = YES_AGGRESSIVE;
				CLANG_CXX_LANGUAGE_STANDARD = "gnu++14";
				CLANG_CXX_LIBRARY = "libc++";
				CLANG_ENABLE_MODULES = YES;
				CLANG_ENABLE_OBJC_ARC = YES;
				CLANG_ENABLE_OBJC_WEAK = YES;
				CLANG_WARN_BLOCK_CAPTURE_AUTORELEASING = YES;
				CLANG_WARN_BOOL_CONVERSION = YES;
				CLANG_WARN_COMMA = YES;
				CLANG_WARN_CONSTANT_CONVERSION = YES;
				CLANG_WARN_DEPRECATED_OBJC_IMPLEMENTATIONS = YES;
				CLANG_WARN_DIRECT_OBJC_ISA_USAGE = YES_ERROR;
				CLANG_WARN_DOCUMENTATION_COMMENTS = YES;
				CLANG_WARN_EMPTY_BODY = YES;
				CLANG_WARN_ENUM_CONVERSION = YES;
				CLANG_WARN_INFINITE_RECURSION = YES;
				CLANG_WARN_INT_CONVERSION = YES;
				CLANG_WARN_NON_LITERAL_NULL_CONVERSION = YES;
				CLANG_WARN_OBJC_IMPLICIT_RETAIN_SELF = YES;
				CLANG_WARN_OBJC_LITERAL_CONVERSION = YES;
				CLANG_WARN_OBJC_ROOT_CLASS = YES_ERROR;
				CLANG_WARN_QUOTED_INCLUDE_IN_FRAMEWORK_HEADER = YES;
				CLANG_WARN_RANGE_LOOP_ANALYSIS = YES;
				CLANG_WARN_STRICT_PROTOTYPES = YES;
				CLANG_WARN_SUSPICIOUS_MOVE = YES;
				CLANG_WARN_UNGUARDED_AVAILABILITY = YES_AGGRESSIVE;
				CLANG_WARN_UNREACHABLE_CODE = YES;
				CLANG_WARN__DUPLICATE_METHOD_MATCH = YES;
				COPY_PHASE_STRIP = NO;
				DEBUG_INFORMATION_FORMAT = "dwarf-with-dsym";
				ENABLE_NS_ASSERTIONS = NO;
				ENABLE_STRICT_OBJC_MSGSEND = YES;
				GCC_C_LANGUAGE_STANDARD = gnu11;
				GCC_NO_COMMON_BLOCKS = YES;
				GCC_WARN_64_TO_32_BIT_CONVERSION = YES;
				GCC_WARN_ABOUT_RETURN_TYPE = YES_ERROR;
				GCC_WARN_UNDECLARED_SELECTOR = YES;
				GCC_WARN_UNINITIALIZED_AUTOS = YES_AGGRESSIVE;
				GCC_WARN_UNUSED_FUNCTION = YES;
				GCC_WARN_UNUSED_VARIABLE = YES;
				IPHONEOS_DEPLOYMENT_TARGET = 14.5;
				MTL_ENABLE_DEBUG_INFO = NO;
				MTL_FAST_MATH = YES;
				SDKROOT = iphoneos;
				SWIFT_COMPILATION_MODE = wholemodule;
				SWIFT_OPTIMIZATION_LEVEL = "-O";
				VALIDATE_PRODUCT = YES;
			};
			name = Release;
		};
		7A76772C26E9C95A009EAC44 /* Debug */ = {
			isa = XCBuildConfiguration;
			buildSettings = {
				ASSETCATALOG_COMPILER_APPICON_NAME = AppIcon;
				ASSETCATALOG_COMPILER_GLOBAL_ACCENT_COLOR_NAME = AccentColor;
				CODE_SIGN_STYLE = Automatic;
				DEVELOPMENT_ASSET_PATHS = "\"GameCenter/Preview Content\"";
				ENABLE_PREVIEWS = YES;
				INFOPLIST_FILE = GameCenter/Info.plist;
				IPHONEOS_DEPLOYMENT_TARGET = 14.0;
				LD_RUNPATH_SEARCH_PATHS = (
					"$(inherited)",
					"@executable_path/Frameworks",
				);
				PRODUCT_BUNDLE_IDENTIFIER = com.furqoncreative.app.GameCenter;
				PRODUCT_NAME = "$(TARGET_NAME)";
				SWIFT_VERSION = 5.0;
				TARGETED_DEVICE_FAMILY = "1,2";
			};
			name = Debug;
		};
		7A76772D26E9C95A009EAC44 /* Release */ = {
			isa = XCBuildConfiguration;
			buildSettings = {
				ASSETCATALOG_COMPILER_APPICON_NAME = AppIcon;
				ASSETCATALOG_COMPILER_GLOBAL_ACCENT_COLOR_NAME = AccentColor;
				CODE_SIGN_STYLE = Automatic;
				DEVELOPMENT_ASSET_PATHS = "\"GameCenter/Preview Content\"";
				ENABLE_PREVIEWS = YES;
				INFOPLIST_FILE = GameCenter/Info.plist;
				IPHONEOS_DEPLOYMENT_TARGET = 14.0;
				LD_RUNPATH_SEARCH_PATHS = (
					"$(inherited)",
					"@executable_path/Frameworks",
				);
				PRODUCT_BUNDLE_IDENTIFIER = com.furqoncreative.app.GameCenter;
				PRODUCT_NAME = "$(TARGET_NAME)";
				SWIFT_VERSION = 5.0;
				TARGETED_DEVICE_FAMILY = "1,2";
			};
			name = Release;
		};
		7A76772F26E9C95A009EAC44 /* Debug */ = {
			isa = XCBuildConfiguration;
			buildSettings = {
				ALWAYS_EMBED_SWIFT_STANDARD_LIBRARIES = YES;
				BUNDLE_LOADER = "$(TEST_HOST)";
				CODE_SIGN_STYLE = Automatic;
				INFOPLIST_FILE = GameCenterTests/Info.plist;
				IPHONEOS_DEPLOYMENT_TARGET = 14.0;
				LD_RUNPATH_SEARCH_PATHS = (
					"$(inherited)",
					"@executable_path/Frameworks",
					"@loader_path/Frameworks",
				);
				PRODUCT_BUNDLE_IDENTIFIER = com.furqoncreative.app.GameCenterTests;
				PRODUCT_NAME = "$(TARGET_NAME)";
				SWIFT_VERSION = 5.0;
				TARGETED_DEVICE_FAMILY = "1,2";
				TEST_HOST = "$(BUILT_PRODUCTS_DIR)/GameCenter.app/GameCenter";
			};
			name = Debug;
		};
		7A76773026E9C95A009EAC44 /* Release */ = {
			isa = XCBuildConfiguration;
			buildSettings = {
				ALWAYS_EMBED_SWIFT_STANDARD_LIBRARIES = YES;
				BUNDLE_LOADER = "$(TEST_HOST)";
				CODE_SIGN_STYLE = Automatic;
				INFOPLIST_FILE = GameCenterTests/Info.plist;
				IPHONEOS_DEPLOYMENT_TARGET = 14.0;
				LD_RUNPATH_SEARCH_PATHS = (
					"$(inherited)",
					"@executable_path/Frameworks",
					"@loader_path/Frameworks",
				);
				PRODUCT_BUNDLE_IDENTIFIER = com.furqoncreative.app.GameCenterTests;
				PRODUCT_NAME = "$(TARGET_NAME)";
				SWIFT_VERSION = 5.0;
				TARGETED_DEVICE_FAMILY = "1,2";
				TEST_HOST = "$(BUILT_PRODUCTS_DIR)/GameCenter.app/GameCenter";
			};
			name = Release;
		};
		7A76773226E9C95A009EAC44 /* Debug */ = {
			isa = XCBuildConfiguration;
			buildSettings = {
				ALWAYS_EMBED_SWIFT_STANDARD_LIBRARIES = YES;
				CODE_SIGN_STYLE = Automatic;
				INFOPLIST_FILE = GameCenterUITests/Info.plist;
				LD_RUNPATH_SEARCH_PATHS = (
					"$(inherited)",
					"@executable_path/Frameworks",
					"@loader_path/Frameworks",
				);
				PRODUCT_BUNDLE_IDENTIFIER = com.furqoncreative.app.GameCenterUITests;
				PRODUCT_NAME = "$(TARGET_NAME)";
				SWIFT_VERSION = 5.0;
				TARGETED_DEVICE_FAMILY = "1,2";
				TEST_TARGET_NAME = GameCenter;
			};
			name = Debug;
		};
		7A76773326E9C95A009EAC44 /* Release */ = {
			isa = XCBuildConfiguration;
			buildSettings = {
				ALWAYS_EMBED_SWIFT_STANDARD_LIBRARIES = YES;
				CODE_SIGN_STYLE = Automatic;
				INFOPLIST_FILE = GameCenterUITests/Info.plist;
				LD_RUNPATH_SEARCH_PATHS = (
					"$(inherited)",
					"@executable_path/Frameworks",
					"@loader_path/Frameworks",
				);
				PRODUCT_BUNDLE_IDENTIFIER = com.furqoncreative.app.GameCenterUITests;
				PRODUCT_NAME = "$(TARGET_NAME)";
				SWIFT_VERSION = 5.0;
				TARGETED_DEVICE_FAMILY = "1,2";
				TEST_TARGET_NAME = GameCenter;
			};
			name = Release;
		};
/* End XCBuildConfiguration section */

/* Begin XCConfigurationList section */
		7A76770126E9C958009EAC44 /* Build configuration list for PBXProject "GameCenter" */ = {
			isa = XCConfigurationList;
			buildConfigurations = (
				7A76772926E9C95A009EAC44 /* Debug */,
				7A76772A26E9C95A009EAC44 /* Release */,
			);
			defaultConfigurationIsVisible = 0;
			defaultConfigurationName = Release;
		};
		7A76772B26E9C95A009EAC44 /* Build configuration list for PBXNativeTarget "GameCenter" */ = {
			isa = XCConfigurationList;
			buildConfigurations = (
				7A76772C26E9C95A009EAC44 /* Debug */,
				7A76772D26E9C95A009EAC44 /* Release */,
			);
			defaultConfigurationIsVisible = 0;
			defaultConfigurationName = Release;
		};
		7A76772E26E9C95A009EAC44 /* Build configuration list for PBXNativeTarget "GameCenterTests" */ = {
			isa = XCConfigurationList;
			buildConfigurations = (
				7A76772F26E9C95A009EAC44 /* Debug */,
				7A76773026E9C95A009EAC44 /* Release */,
			);
			defaultConfigurationIsVisible = 0;
			defaultConfigurationName = Release;
		};
		7A76773126E9C95A009EAC44 /* Build configuration list for PBXNativeTarget "GameCenterUITests" */ = {
			isa = XCConfigurationList;
			buildConfigurations = (
				7A76773226E9C95A009EAC44 /* Debug */,
				7A76773326E9C95A009EAC44 /* Release */,
			);
			defaultConfigurationIsVisible = 0;
			defaultConfigurationName = Release;
		};
/* End XCConfigurationList section */

/* Begin XCRemoteSwiftPackageReference section */
		7A0BF74426E9FE1500D6FCDC /* XCRemoteSwiftPackageReference "SDWebImageSwiftUI" */ = {
			isa = XCRemoteSwiftPackageReference;
			repositoryURL = "https://github.com/SDWebImage/SDWebImageSwiftUI.git";
			requirement = {
				kind = upToNextMajorVersion;
				minimumVersion = 2.0.2;
			};
		};
		7A7677CC26E9F26A009EAC44 /* XCRemoteSwiftPackageReference "GameModule" */ = {
			isa = XCRemoteSwiftPackageReference;
			repositoryURL = "https://github.com/furqoncreative/GameModule.git";
			requirement = {
				kind = upToNextMajorVersion;
				minimumVersion = 1.0.0;
			};
		};
		7A7677CF26E9F2F9009EAC44 /* XCRemoteSwiftPackageReference "SwiftUIX" */ = {
			isa = XCRemoteSwiftPackageReference;
			repositoryURL = "https://github.com/SwiftUIX/SwiftUIX.git";
			requirement = {
				kind = upToNextMajorVersion;
				minimumVersion = 0.0.8;
			};
		};
/* End XCRemoteSwiftPackageReference section */

/* Begin XCSwiftPackageProductDependency section */
		7A0BF74526E9FE1600D6FCDC /* SDWebImageSwiftUI */ = {
			isa = XCSwiftPackageProductDependency;
			package = 7A0BF74426E9FE1500D6FCDC /* XCRemoteSwiftPackageReference "SDWebImageSwiftUI" */;
			productName = SDWebImageSwiftUI;
		};
		7A7677CD26E9F26B009EAC44 /* GameModule */ = {
			isa = XCSwiftPackageProductDependency;
			package = 7A7677CC26E9F26A009EAC44 /* XCRemoteSwiftPackageReference "GameModule" */;
			productName = GameModule;
		};
		7A7677D026E9F2FA009EAC44 /* SwiftUIX */ = {
			isa = XCSwiftPackageProductDependency;
			package = 7A7677CF26E9F2F9009EAC44 /* XCRemoteSwiftPackageReference "SwiftUIX" */;
			productName = SwiftUIX;
		};
/* End XCSwiftPackageProductDependency section */
	};
	rootObject = 7A7676FE26E9C958009EAC44 /* Project object */;
}
